
Microsoft Visual Studio Solution File, Format Version 12.00
# Visual Studio Version 17
VisualStudioVersion = 17.14.36017.23 d17.14
MinimumVisualStudioVersion = 10.0.40219.1
Project("{FAE04EC0-301F-11D3-BF4B-00C04F79EFBC}") = "RealEstateMapApp", "RealEstateMapApp\RealEstateMapApp.csproj", "{6FFA3E56-7E40-4A5E-9EFA-107250D3AAA5}"
EndProject
Global
	GlobalSection(SolutionConfigurationPlatforms) = preSolution
		Debug|Any CPU = Debug|Any CPU
		Release|Any CPU = Release|Any CPU
	EndGlobalSection
	GlobalSection(ProjectConfigurationPlatforms) = postSolution
		{6FFA3E56-7E40-4A5E-9EFA-107250D3AAA5}.Debug|Any CPU.ActiveCfg = Debug|Any CPU
		{6FFA3E56-7E40-4A5E-9EFA-107250D3AAA5}.Debug|Any CPU.Build.0 = Debug|Any CPU
		{6FFA3E56-7E40-4A5E-9EFA-107250D3AAA5}.Release|Any CPU.ActiveCfg = Release|Any CPU
		{6FFA3E56-7E40-4A5E-9EFA-107250D3AAA5}.Release|Any CPU.Build.0 = Release|Any CPU
	EndGlobalSection
	GlobalSection(SolutionProperties) = preSolution
		HideSolutionNode = FALSE
	EndGlobalSection
	GlobalSection(ExtensibilityGlobals) = postSolution
		SolutionGuid = {D36B73E6-3F31-4B79-8810-CEC8EC09642E}
	EndGlobalSection
EndGlobal
